
Microsoft Visual Studio Solution File, Format Version 12.00
# Visual Studio Version 17
VisualStudioVersion = 17.5.33627.172
MinimumVisualStudioVersion = 10.0.40219.1
Project("{FAE04EC0-301F-11D3-BF4B-00C04F79EFBC}") = "LogiCraft.Android", "LogiCraft\LogiCraft.Android\LogiCraft.Android.csproj", "{DE17DB0C-9964-4E11-BA56-494FAD6A80A4}"
EndProject
Project("{FAE04EC0-301F-11D3-BF4B-00C04F79EFBC}") = "LogiCraft", "LogiCraft\LogiCraft\LogiCraft.csproj", "{7A1E4B75-E834-4571-8492-A853679CBE7A}"
EndProject
Global
	GlobalSection(SolutionConfigurationPlatforms) = preSolution
		Debug|Any CPU = Debug|Any CPU
		Release|Any CPU = Release|Any CPU
	EndGlobalSection
	GlobalSection(ProjectConfigurationPlatforms) = postSolution
		{DE17DB0C-9964-4E11-BA56-494FAD6A80A4}.Debug|Any CPU.ActiveCfg = Debug|Any CPU
		{DE17DB0C-9964-4E11-BA56-494FAD6A80A4}.Debug|Any CPU.Build.0 = Debug|Any CPU
		{DE17DB0C-9964-4E11-BA56-494FAD6A80A4}.Debug|Any CPU.Deploy.0 = Debug|Any CPU
		{DE17DB0C-9964-4E11-BA56-494FAD6A80A4}.Release|Any CPU.ActiveCfg = Release|Any CPU
		{DE17DB0C-9964-4E11-BA56-494FAD6A80A4}.Release|Any CPU.Build.0 = Release|Any CPU
		{DE17DB0C-9964-4E11-BA56-494FAD6A80A4}.Release|Any CPU.Deploy.0 = Release|Any CPU
		{7A1E4B75-E834-4571-8492-A853679CBE7A}.Debug|Any CPU.ActiveCfg = Debug|Any CPU
		{7A1E4B75-E834-4571-8492-A853679CBE7A}.Debug|Any CPU.Build.0 = Debug|Any CPU
		{7A1E4B75-E834-4571-8492-A853679CBE7A}.Debug|Any CPU.Deploy.0 = Debug|Any CPU
		{7A1E4B75-E834-4571-8492-A853679CBE7A}.Release|Any CPU.ActiveCfg = Release|Any CPU
		{7A1E4B75-E834-4571-8492-A853679CBE7A}.Release|Any CPU.Build.0 = Release|Any CPU
		{7A1E4B75-E834-4571-8492-A853679CBE7A}.Release|Any CPU.Deploy.0 = Release|Any CPU
	EndGlobalSection
	GlobalSection(SolutionProperties) = preSolution
		HideSolutionNode = FALSE
	EndGlobalSection
	GlobalSection(ExtensibilityGlobals) = postSolution
		SolutionGuid = {04B720CA-D8C0-4FD5-9C18-C93D16261654}
	EndGlobalSection
EndGlobal
